// !$*UTF8*$!
{
	archiveVersion = 1;
	classes = {
	};
	objectVersion = 56;
	objects = {

/* Begin PBXBuildFile section */
		1037DC37FF4DEDF4DC010156 /* Pods_Instagram.framework in Frameworks */ = {isa = PBXBuildFile; fileRef = 86B96E9B8E987E4111370074 /* Pods_Instagram.framework */; };
		73A30EB82B9773BD007F00E1 /* AppDelegate.swift in Sources */ = {isa = PBXBuildFile; fileRef = 73A30EB72B9773BD007F00E1 /* AppDelegate.swift */; };
		73A30EBA2B9773BD007F00E1 /* SceneDelegate.swift in Sources */ = {isa = PBXBuildFile; fileRef = 73A30EB92B9773BD007F00E1 /* SceneDelegate.swift */; };
		73A30EBC2B9773BD007F00E1 /* HomeViewController.swift in Sources */ = {isa = PBXBuildFile; fileRef = 73A30EBB2B9773BD007F00E1 /* HomeViewController.swift */; };
		73A30EBF2B9773BD007F00E1 /* Main.storyboard in Resources */ = {isa = PBXBuildFile; fileRef = 73A30EBD2B9773BD007F00E1 /* Main.storyboard */; };
		73A30EC12B9773BE007F00E1 /* Assets.xcassets in Resources */ = {isa = PBXBuildFile; fileRef = 73A30EC02B9773BE007F00E1 /* Assets.xcassets */; };
		73A30EC42B9773BE007F00E1 /* LaunchScreen.storyboard in Resources */ = {isa = PBXBuildFile; fileRef = 73A30EC22B9773BE007F00E1 /* LaunchScreen.storyboard */; };
		73A30ED12B9778D1007F00E1 /* ExploreViewController.swift in Sources */ = {isa = PBXBuildFile; fileRef = 73A30ED02B9778D1007F00E1 /* ExploreViewController.swift */; };
		73A30ED32B977915007F00E1 /* CameraViewController.swift in Sources */ = {isa = PBXBuildFile; fileRef = 73A30ED22B977915007F00E1 /* CameraViewController.swift */; };
		73A30ED52B977949007F00E1 /* NotificationViewController.swift in Sources */ = {isa = PBXBuildFile; fileRef = 73A30ED42B977949007F00E1 /* NotificationViewController.swift */; };
		73A30ED72B977958007F00E1 /* ProfileViewController.swift in Sources */ = {isa = PBXBuildFile; fileRef = 73A30ED62B977958007F00E1 /* ProfileViewController.swift */; };
		73A30EDC2B977A04007F00E1 /* LoginViewController.swift in Sources */ = {isa = PBXBuildFile; fileRef = 73A30EDB2B977A03007F00E1 /* LoginViewController.swift */; };
		73A30EDE2B977A35007F00E1 /* RegistrationViewController.swift in Sources */ = {isa = PBXBuildFile; fileRef = 73A30EDD2B977A35007F00E1 /* RegistrationViewController.swift */; };
		73A30EE12B977A7C007F00E1 /* PostViewController.swift in Sources */ = {isa = PBXBuildFile; fileRef = 73A30EE02B977A7C007F00E1 /* PostViewController.swift */; };
		73A30EE32B977B0C007F00E1 /* EditProfileViewController.swift in Sources */ = {isa = PBXBuildFile; fileRef = 73A30EE22B977B0C007F00E1 /* EditProfileViewController.swift */; };
		73A30EE52B977B24007F00E1 /* SettingsViewController.swift in Sources */ = {isa = PBXBuildFile; fileRef = 73A30EE42B977B24007F00E1 /* SettingsViewController.swift */; };
		73A30EE72B977B4B007F00E1 /* ListViewController.swift in Sources */ = {isa = PBXBuildFile; fileRef = 73A30EE62B977B4B007F00E1 /* ListViewController.swift */; };
		73A30EE92B977B6B007F00E1 /* SearchViewController.swift in Sources */ = {isa = PBXBuildFile; fileRef = 73A30EE82B977B6B007F00E1 /* SearchViewController.swift */; };
		73A30EEC2B977BA4007F00E1 /* SearchResultViewController.swift in Sources */ = {isa = PBXBuildFile; fileRef = 73A30EEB2B977BA4007F00E1 /* SearchResultViewController.swift */; };
		73A30EEE2B977C04007F00E1 /* PostEditorViewController.swift in Sources */ = {isa = PBXBuildFile; fileRef = 73A30EED2B977C04007F00E1 /* PostEditorViewController.swift */; };
		73A30EF02B977C20007F00E1 /* PublishPostViewController.swift in Sources */ = {isa = PBXBuildFile; fileRef = 73A30EEF2B977C20007F00E1 /* PublishPostViewController.swift */; };
		73A30EF22B978F40007F00E1 /* GoogleService-Info.plist in Resources */ = {isa = PBXBuildFile; fileRef = 73A30EF12B978F40007F00E1 /* GoogleService-Info.plist */; };
		73A30EF52B98AC1B007F00E1 /* DatabaseManager.swift in Sources */ = {isa = PBXBuildFile; fileRef = 73A30EF42B98AC1B007F00E1 /* DatabaseManager.swift */; };
		73A30EF72B98AE95007F00E1 /* AuthManager.swift in Sources */ = {isa = PBXBuildFile; fileRef = 73A30EF62B98AE95007F00E1 /* AuthManager.swift */; };
		73A30EF92B98AF08007F00E1 /* StorageManager.swift in Sources */ = {isa = PBXBuildFile; fileRef = 73A30EF82B98AF08007F00E1 /* StorageManager.swift */; };
		73A30EFB2B98BC47007F00E1 /* Extensions.swift in Sources */ = {isa = PBXBuildFile; fileRef = 73A30EFA2B98BC47007F00E1 /* Extensions.swift */; };
		73ADFEBC2BA4A9F700EE4880 /* IGFeedPostTableViewCell.swift in Sources */ = {isa = PBXBuildFile; fileRef = 73ADFEBB2BA4A9F700EE4880 /* IGFeedPostTableViewCell.swift */; };
		73ADFEBF2BA4AE1000EE4880 /* IGFeedPostHeaderTableViewCell.swift in Sources */ = {isa = PBXBuildFile; fileRef = 73ADFEBE2BA4AE1000EE4880 /* IGFeedPostHeaderTableViewCell.swift */; };
		73ADFEC12BA4B06F00EE4880 /* IGFeedPostActionsTableViewCell.swift in Sources */ = {isa = PBXBuildFile; fileRef = 73ADFEC02BA4B06F00EE4880 /* IGFeedPostActionsTableViewCell.swift */; };
		73ADFEC32BA4B13800EE4880 /* IGFeedPostGeneralTableViewCell.swift in Sources */ = {isa = PBXBuildFile; fileRef = 73ADFEC22BA4B13800EE4880 /* IGFeedPostGeneralTableViewCell.swift */; };
/* End PBXBuildFile section */

/* Begin PBXFileReference section */
		73A30EB42B9773BD007F00E1 /* Instagram.app */ = {isa = PBXFileReference; explicitFileType = wrapper.application; includeInIndex = 0; path = Instagram.app; sourceTree = BUILT_PRODUCTS_DIR; };
		73A30EB72B9773BD007F00E1 /* AppDelegate.swift */ = {isa = PBXFileReference; lastKnownFileType = sourcecode.swift; path = AppDelegate.swift; sourceTree = "<group>"; };
		73A30EB92B9773BD007F00E1 /* SceneDelegate.swift */ = {isa = PBXFileReference; lastKnownFileType = sourcecode.swift; path = SceneDelegate.swift; sourceTree = "<group>"; };
		73A30EBB2B9773BD007F00E1 /* HomeViewController.swift */ = {isa = PBXFileReference; lastKnownFileType = sourcecode.swift; path = HomeViewController.swift; sourceTree = "<group>"; };
		73A30EBE2B9773BD007F00E1 /* Base */ = {isa = PBXFileReference; lastKnownFileType = file.storyboard; name = Base; path = Base.lproj/Main.storyboard; sourceTree = "<group>"; };
		73A30EC02B9773BE007F00E1 /* Assets.xcassets */ = {isa = PBXFileReference; lastKnownFileType = folder.assetcatalog; path = Assets.xcassets; sourceTree = "<group>"; };
		73A30EC32B9773BE007F00E1 /* Base */ = {isa = PBXFileReference; lastKnownFileType = file.storyboard; name = Base; path = Base.lproj/LaunchScreen.storyboard; sourceTree = "<group>"; };
		73A30EC52B9773BE007F00E1 /* Info.plist */ = {isa = PBXFileReference; lastKnownFileType = text.plist.xml; path = Info.plist; sourceTree = "<group>"; };
		73A30ED02B9778D1007F00E1 /* ExploreViewController.swift */ = {isa = PBXFileReference; lastKnownFileType = sourcecode.swift; path = ExploreViewController.swift; sourceTree = "<group>"; };
		73A30ED22B977915007F00E1 /* CameraViewController.swift */ = {isa = PBXFileReference; lastKnownFileType = sourcecode.swift; path = CameraViewController.swift; sourceTree = "<group>"; };
		73A30ED42B977949007F00E1 /* NotificationViewController.swift */ = {isa = PBXFileReference; lastKnownFileType = sourcecode.swift; path = NotificationViewController.swift; sourceTree = "<group>"; };
		73A30ED62B977958007F00E1 /* ProfileViewController.swift */ = {isa = PBXFileReference; lastKnownFileType = sourcecode.swift; path = ProfileViewController.swift; sourceTree = "<group>"; };
		73A30EDB2B977A03007F00E1 /* LoginViewController.swift */ = {isa = PBXFileReference; lastKnownFileType = sourcecode.swift; path = LoginViewController.swift; sourceTree = "<group>"; };
		73A30EDD2B977A35007F00E1 /* RegistrationViewController.swift */ = {isa = PBXFileReference; lastKnownFileType = sourcecode.swift; path = RegistrationViewController.swift; sourceTree = "<group>"; };
		73A30EE02B977A7C007F00E1 /* PostViewController.swift */ = {isa = PBXFileReference; lastKnownFileType = sourcecode.swift; path = PostViewController.swift; sourceTree = "<group>"; };
		73A30EE22B977B0C007F00E1 /* EditProfileViewController.swift */ = {isa = PBXFileReference; lastKnownFileType = sourcecode.swift; path = EditProfileViewController.swift; sourceTree = "<group>"; };
		73A30EE42B977B24007F00E1 /* SettingsViewController.swift */ = {isa = PBXFileReference; lastKnownFileType = sourcecode.swift; path = SettingsViewController.swift; sourceTree = "<group>"; };
		73A30EE62B977B4B007F00E1 /* ListViewController.swift */ = {isa = PBXFileReference; lastKnownFileType = sourcecode.swift; path = ListViewController.swift; sourceTree = "<group>"; };
		73A30EE82B977B6B007F00E1 /* SearchViewController.swift */ = {isa = PBXFileReference; lastKnownFileType = sourcecode.swift; path = SearchViewController.swift; sourceTree = "<group>"; };
		73A30EEB2B977BA4007F00E1 /* SearchResultViewController.swift */ = {isa = PBXFileReference; lastKnownFileType = sourcecode.swift; path = SearchResultViewController.swift; sourceTree = "<group>"; };
		73A30EED2B977C04007F00E1 /* PostEditorViewController.swift */ = {isa = PBXFileReference; lastKnownFileType = sourcecode.swift; path = PostEditorViewController.swift; sourceTree = "<group>"; };
		73A30EEF2B977C20007F00E1 /* PublishPostViewController.swift */ = {isa = PBXFileReference; lastKnownFileType = sourcecode.swift; path = PublishPostViewController.swift; sourceTree = "<group>"; };
		73A30EF12B978F40007F00E1 /* GoogleService-Info.plist */ = {isa = PBXFileReference; fileEncoding = 4; lastKnownFileType = text.plist.xml; path = "GoogleService-Info.plist"; sourceTree = "<group>"; };
		73A30EF42B98AC1B007F00E1 /* DatabaseManager.swift */ = {isa = PBXFileReference; lastKnownFileType = sourcecode.swift; path = DatabaseManager.swift; sourceTree = "<group>"; };
		73A30EF62B98AE95007F00E1 /* AuthManager.swift */ = {isa = PBXFileReference; lastKnownFileType = sourcecode.swift; path = AuthManager.swift; sourceTree = "<group>"; };
		73A30EF82B98AF08007F00E1 /* StorageManager.swift */ = {isa = PBXFileReference; lastKnownFileType = sourcecode.swift; path = StorageManager.swift; sourceTree = "<group>"; };
		73A30EFA2B98BC47007F00E1 /* Extensions.swift */ = {isa = PBXFileReference; lastKnownFileType = sourcecode.swift; path = Extensions.swift; sourceTree = "<group>"; };
		73ADFEBB2BA4A9F700EE4880 /* IGFeedPostTableViewCell.swift */ = {isa = PBXFileReference; lastKnownFileType = sourcecode.swift; path = IGFeedPostTableViewCell.swift; sourceTree = "<group>"; };
		73ADFEBE2BA4AE1000EE4880 /* IGFeedPostHeaderTableViewCell.swift */ = {isa = PBXFileReference; lastKnownFileType = sourcecode.swift; path = IGFeedPostHeaderTableViewCell.swift; sourceTree = "<group>"; };
		73ADFEC02BA4B06F00EE4880 /* IGFeedPostActionsTableViewCell.swift */ = {isa = PBXFileReference; lastKnownFileType = sourcecode.swift; path = IGFeedPostActionsTableViewCell.swift; sourceTree = "<group>"; };
		73ADFEC22BA4B13800EE4880 /* IGFeedPostGeneralTableViewCell.swift */ = {isa = PBXFileReference; lastKnownFileType = sourcecode.swift; path = IGFeedPostGeneralTableViewCell.swift; sourceTree = "<group>"; };
		86B96E9B8E987E4111370074 /* Pods_Instagram.framework */ = {isa = PBXFileReference; explicitFileType = wrapper.framework; includeInIndex = 0; path = Pods_Instagram.framework; sourceTree = BUILT_PRODUCTS_DIR; };
		C0F9E545F6D458AA59DAE755 /* Pods-Instagram.debug.xcconfig */ = {isa = PBXFileReference; includeInIndex = 1; lastKnownFileType = text.xcconfig; name = "Pods-Instagram.debug.xcconfig"; path = "Target Support Files/Pods-Instagram/Pods-Instagram.debug.xcconfig"; sourceTree = "<group>"; };
		CBE1AC04F7ED7B622D27C445 /* Pods-Instagram.release.xcconfig */ = {isa = PBXFileReference; includeInIndex = 1; lastKnownFileType = text.xcconfig; name = "Pods-Instagram.release.xcconfig"; path = "Target Support Files/Pods-Instagram/Pods-Instagram.release.xcconfig"; sourceTree = "<group>"; };
/* End PBXFileReference section */

/* Begin PBXFrameworksBuildPhase section */
		73A30EB12B9773BD007F00E1 /* Frameworks */ = {
			isa = PBXFrameworksBuildPhase;
			buildActionMask = 2147483647;
			files = (
				1037DC37FF4DEDF4DC010156 /* Pods_Instagram.framework in Frameworks */,
			);
			runOnlyForDeploymentPostprocessing = 0;
		};
/* End PBXFrameworksBuildPhase section */

/* Begin PBXGroup section */
		3ACEE453C4720D947A6F6FA7 /* Frameworks */ = {
			isa = PBXGroup;
			children = (
				86B96E9B8E987E4111370074 /* Pods_Instagram.framework */,
			);
			name = Frameworks;
			sourceTree = "<group>";
		};
		73A30EAB2B9773BC007F00E1 = {
			isa = PBXGroup;
			children = (
				73A30EB62B9773BD007F00E1 /* Instagram */,
				73A30EB52B9773BD007F00E1 /* Products */,
				8AE4DF7615DF49282D234490 /* Pods */,
				3ACEE453C4720D947A6F6FA7 /* Frameworks */,
			);
			sourceTree = "<group>";
		};
		73A30EB52B9773BD007F00E1 /* Products */ = {
			isa = PBXGroup;
			children = (
				73A30EB42B9773BD007F00E1 /* Instagram.app */,
			);
			name = Products;
			sourceTree = "<group>";
		};
		73A30EB62B9773BD007F00E1 /* Instagram */ = {
			isa = PBXGroup;
			children = (
				73A30ECE2B9776F4007F00E1 /* Resources */,
				73A30ECD2B9775BF007F00E1 /* Models */,
				73A30ECC2B9775B2007F00E1 /* Views */,
				73A30ECB2B977596007F00E1 /* Controllers */,
				73A30EC52B9773BE007F00E1 /* Info.plist */,
			);
			path = Instagram;
			sourceTree = "<group>";
		};
		73A30ECB2B977596007F00E1 /* Controllers */ = {
			isa = PBXGroup;
			children = (
				73A30ED92B9779D8007F00E1 /* Others */,
				73A30ED82B9779AE007F00E1 /* CoreTabs */,
			);
			path = Controllers;
			sourceTree = "<group>";
		};
		73A30ECC2B9775B2007F00E1 /* Views */ = {
			isa = PBXGroup;
			children = (
				73ADFEBA2BA4A96400EE4880 /* Cells */,
				73A30EC02B9773BE007F00E1 /* Assets.xcassets */,
				73A30ECF2B977798007F00E1 /* Storyboards */,
			);
			path = Views;
			sourceTree = "<group>";
		};
		73A30ECD2B9775BF007F00E1 /* Models */ = {
			isa = PBXGroup;
			children = (
			);
			path = Models;
			sourceTree = "<group>";
		};
		73A30ECE2B9776F4007F00E1 /* Resources */ = {
			isa = PBXGroup;
			children = (
				73A30EF12B978F40007F00E1 /* GoogleService-Info.plist */,
				73A30EB72B9773BD007F00E1 /* AppDelegate.swift */,
				73A30EB92B9773BD007F00E1 /* SceneDelegate.swift */,
				73A30EF42B98AC1B007F00E1 /* DatabaseManager.swift */,
				73A30EF62B98AE95007F00E1 /* AuthManager.swift */,
				73A30EF82B98AF08007F00E1 /* StorageManager.swift */,
				73A30EFA2B98BC47007F00E1 /* Extensions.swift */,
			);
			path = Resources;
			sourceTree = "<group>";
		};
		73A30ECF2B977798007F00E1 /* Storyboards */ = {
			isa = PBXGroup;
			children = (
				73A30EBD2B9773BD007F00E1 /* Main.storyboard */,
				73A30EC22B9773BE007F00E1 /* LaunchScreen.storyboard */,
			);
			path = Storyboards;
			sourceTree = "<group>";
		};
		73A30ED82B9779AE007F00E1 /* CoreTabs */ = {
			isa = PBXGroup;
			children = (
				73A30EBB2B9773BD007F00E1 /* HomeViewController.swift */,
				73A30ED02B9778D1007F00E1 /* ExploreViewController.swift */,
				73A30ED22B977915007F00E1 /* CameraViewController.swift */,
				73A30ED42B977949007F00E1 /* NotificationViewController.swift */,
				73A30ED62B977958007F00E1 /* ProfileViewController.swift */,
			);
			path = CoreTabs;
			sourceTree = "<group>";
		};
		73A30ED92B9779D8007F00E1 /* Others */ = {
			isa = PBXGroup;
			children = (
				73A30EDA2B9779E7007F00E1 /* Onboarding */,
				73A30EF32B98AADB007F00E1 /* General */,
			);
			path = Others;
			sourceTree = "<group>";
		};
		73A30EDA2B9779E7007F00E1 /* Onboarding */ = {
			isa = PBXGroup;
			children = (
				73A30EDB2B977A03007F00E1 /* LoginViewController.swift */,
				73A30EDD2B977A35007F00E1 /* RegistrationViewController.swift */,
			);
			path = Onboarding;
			sourceTree = "<group>";
		};
		73A30EF32B98AADB007F00E1 /* General */ = {
			isa = PBXGroup;
			children = (
				73A30EE02B977A7C007F00E1 /* PostViewController.swift */,
				73A30EE22B977B0C007F00E1 /* EditProfileViewController.swift */,
				73A30EE42B977B24007F00E1 /* SettingsViewController.swift */,
				73A30EE62B977B4B007F00E1 /* ListViewController.swift */,
				73A30EE82B977B6B007F00E1 /* SearchViewController.swift */,
				73A30EEB2B977BA4007F00E1 /* SearchResultViewController.swift */,
				73A30EED2B977C04007F00E1 /* PostEditorViewController.swift */,
				73A30EEF2B977C20007F00E1 /* PublishPostViewController.swift */,
			);
			path = General;
			sourceTree = "<group>";
		};
		73ADFEBA2BA4A96400EE4880 /* Cells */ = {
			isa = PBXGroup;
			children = (
				73ADFEBD2BA4ADAA00EE4880 /* HomeFeed */,
			);
			path = Cells;
			sourceTree = "<group>";
		};
		73ADFEBD2BA4ADAA00EE4880 /* HomeFeed */ = {
			isa = PBXGroup;
			children = (
				73ADFEBB2BA4A9F700EE4880 /* IGFeedPostTableViewCell.swift */,
				73ADFEBE2BA4AE1000EE4880 /* IGFeedPostHeaderTableViewCell.swift */,
				73ADFEC02BA4B06F00EE4880 /* IGFeedPostActionsTableViewCell.swift */,
				73ADFEC22BA4B13800EE4880 /* IGFeedPostGeneralTableViewCell.swift */,
			);
			path = HomeFeed;
			sourceTree = "<group>";
		};
		8AE4DF7615DF49282D234490 /* Pods */ = {
			isa = PBXGroup;
			children = (
				C0F9E545F6D458AA59DAE755 /* Pods-Instagram.debug.xcconfig */,
				CBE1AC04F7ED7B622D27C445 /* Pods-Instagram.release.xcconfig */,
			);
			path = Pods;
			sourceTree = "<group>";
		};
/* End PBXGroup section */

/* Begin PBXNativeTarget section */
		73A30EB32B9773BD007F00E1 /* Instagram */ = {
			isa = PBXNativeTarget;
			buildConfigurationList = 73A30EC82B9773BE007F00E1 /* Build configuration list for PBXNativeTarget "Instagram" */;
			buildPhases = (
				1288A90216DD35DFBE810B6C /* [CP] Check Pods Manifest.lock */,
				73A30EB02B9773BD007F00E1 /* Sources */,
				73A30EB12B9773BD007F00E1 /* Frameworks */,
				73A30EB22B9773BD007F00E1 /* Resources */,
				129B737968091A70B30870A4 /* [CP] Embed Pods Frameworks */,
			);
			buildRules = (
			);
			dependencies = (
			);
			name = Instagram;
			productName = Instagram;
			productReference = 73A30EB42B9773BD007F00E1 /* Instagram.app */;
			productType = "com.apple.product-type.application";
		};
/* End PBXNativeTarget section */

/* Begin PBXProject section */
		73A30EAC2B9773BC007F00E1 /* Project object */ = {
			isa = PBXProject;
			attributes = {
				BuildIndependentTargetsInParallel = 1;
				LastSwiftUpdateCheck = 1510;
				LastUpgradeCheck = 1510;
				TargetAttributes = {
					73A30EB32B9773BD007F00E1 = {
						CreatedOnToolsVersion = 15.1;
					};
				};
			};
			buildConfigurationList = 73A30EAF2B9773BC007F00E1 /* Build configuration list for PBXProject "Instagram" */;
			compatibilityVersion = "Xcode 14.0";
			developmentRegion = en;
			hasScannedForEncodings = 0;
			knownRegions = (
				en,
				Base,
			);
			mainGroup = 73A30EAB2B9773BC007F00E1;
			productRefGroup = 73A30EB52B9773BD007F00E1 /* Products */;
			projectDirPath = "";
			projectRoot = "";
			targets = (
				73A30EB32B9773BD007F00E1 /* Instagram */,
			);
		};
/* End PBXProject section */

/* Begin PBXResourcesBuildPhase section */
		73A30EB22B9773BD007F00E1 /* Resources */ = {
			isa = PBXResourcesBuildPhase;
			buildActionMask = 2147483647;
			files = (
				73A30EC42B9773BE007F00E1 /* LaunchScreen.storyboard in Resources */,
				73A30EF22B978F40007F00E1 /* GoogleService-Info.plist in Resources */,
				73A30EC12B9773BE007F00E1 /* Assets.xcassets in Resources */,
				73A30EBF2B9773BD007F00E1 /* Main.storyboard in Resources */,
			);
			runOnlyForDeploymentPostprocessing = 0;
		};
/* End PBXResourcesBuildPhase section */

/* Begin PBXShellScriptBuildPhase section */
		1288A90216DD35DFBE810B6C /* [CP] Check Pods Manifest.lock */ = {
			isa = PBXShellScriptBuildPhase;
			buildActionMask = 2147483647;
			files = (
			);
			inputFileListPaths = (
			);
			inputPaths = (
				"${PODS_PODFILE_DIR_PATH}/Podfile.lock",
				"${PODS_ROOT}/Manifest.lock",
			);
			name = "[CP] Check Pods Manifest.lock";
			outputFileListPaths = (
			);
			outputPaths = (
				"$(DERIVED_FILE_DIR)/Pods-Instagram-checkManifestLockResult.txt",
			);
			runOnlyForDeploymentPostprocessing = 0;
			shellPath = /bin/sh;
			shellScript = "diff \"${PODS_PODFILE_DIR_PATH}/Podfile.lock\" \"${PODS_ROOT}/Manifest.lock\" > /dev/null\nif [ $? != 0 ] ; then\n    # print error to STDERR\n    echo \"error: The sandbox is not in sync with the Podfile.lock. Run 'pod install' or update your CocoaPods installation.\" >&2\n    exit 1\nfi\n# This output is used by Xcode 'outputs' to avoid re-running this script phase.\necho \"SUCCESS\" > \"${SCRIPT_OUTPUT_FILE_0}\"\n";
			showEnvVarsInLog = 0;
		};
		129B737968091A70B30870A4 /* [CP] Embed Pods Frameworks */ = {
			isa = PBXShellScriptBuildPhase;
			buildActionMask = 2147483647;
			files = (
			);
			inputFileListPaths = (
				"${PODS_ROOT}/Target Support Files/Pods-Instagram/Pods-Instagram-frameworks-${CONFIGURATION}-input-files.xcfilelist",
			);
			name = "[CP] Embed Pods Frameworks";
			outputFileListPaths = (
				"${PODS_ROOT}/Target Support Files/Pods-Instagram/Pods-Instagram-frameworks-${CONFIGURATION}-output-files.xcfilelist",
			);
			runOnlyForDeploymentPostprocessing = 0;
			shellPath = /bin/sh;
			shellScript = "\"${PODS_ROOT}/Target Support Files/Pods-Instagram/Pods-Instagram-frameworks.sh\"\n";
			showEnvVarsInLog = 0;
		};
/* End PBXShellScriptBuildPhase section */

/* Begin PBXSourcesBuildPhase section */
		73A30EB02B9773BD007F00E1 /* Sources */ = {
			isa = PBXSourcesBuildPhase;
			buildActionMask = 2147483647;
			files = (
				73A30EE32B977B0C007F00E1 /* EditProfileViewController.swift in Sources */,
				73A30ED12B9778D1007F00E1 /* ExploreViewController.swift in Sources */,
				73A30EF02B977C20007F00E1 /* PublishPostViewController.swift in Sources */,
				73A30ED32B977915007F00E1 /* CameraViewController.swift in Sources */,
				73A30ED52B977949007F00E1 /* NotificationViewController.swift in Sources */,
				73A30EDE2B977A35007F00E1 /* RegistrationViewController.swift in Sources */,
				73ADFEBF2BA4AE1000EE4880 /* IGFeedPostHeaderTableViewCell.swift in Sources */,
				73A30EEE2B977C04007F00E1 /* PostEditorViewController.swift in Sources */,
				73A30EF92B98AF08007F00E1 /* StorageManager.swift in Sources */,
				73A30EE12B977A7C007F00E1 /* PostViewController.swift in Sources */,
				73A30EF52B98AC1B007F00E1 /* DatabaseManager.swift in Sources */,
				73A30EBC2B9773BD007F00E1 /* HomeViewController.swift in Sources */,
				73ADFEBC2BA4A9F700EE4880 /* IGFeedPostTableViewCell.swift in Sources */,
				73A30EEC2B977BA4007F00E1 /* SearchResultViewController.swift in Sources */,
				73A30EDC2B977A04007F00E1 /* LoginViewController.swift in Sources */,
				73A30EFB2B98BC47007F00E1 /* Extensions.swift in Sources */,
				73ADFEC32BA4B13800EE4880 /* IGFeedPostGeneralTableViewCell.swift in Sources */,
				73A30EE92B977B6B007F00E1 /* SearchViewController.swift in Sources */,
				73A30ED72B977958007F00E1 /* ProfileViewController.swift in Sources */,
				73A30EF72B98AE95007F00E1 /* AuthManager.swift in Sources */,
				73A30EB82B9773BD007F00E1 /* AppDelegate.swift in Sources */,
				73A30EBA2B9773BD007F00E1 /* SceneDelegate.swift in Sources */,
				73ADFEC12BA4B06F00EE4880 /* IGFeedPostActionsTableViewCell.swift in Sources */,
				73A30EE72B977B4B007F00E1 /* ListViewController.swift in Sources */,
				73A30EE52B977B24007F00E1 /* SettingsViewController.swift in Sources */,
			);
			runOnlyForDeploymentPostprocessing = 0;
		};
/* End PBXSourcesBuildPhase section */

/* Begin PBXVariantGroup section */
		73A30EBD2B9773BD007F00E1 /* Main.storyboard */ = {
			isa = PBXVariantGroup;
			children = (
				73A30EBE2B9773BD007F00E1 /* Base */,
			);
			name = Main.storyboard;
			sourceTree = "<group>";
		};
		73A30EC22B9773BE007F00E1 /* LaunchScreen.storyboard */ = {
			isa = PBXVariantGroup;
			children = (
				73A30EC32B9773BE007F00E1 /* Base */,
			);
			name = LaunchScreen.storyboard;
			sourceTree = "<group>";
		};
/* End PBXVariantGroup section */

/* Begin XCBuildConfiguration section */
		73A30EC62B9773BE007F00E1 /* Debug */ = {
			isa = XCBuildConfiguration;
			buildSettings = {
				ALWAYS_SEARCH_USER_PATHS = NO;
				ASSETCATALOG_COMPILER_GENERATE_SWIFT_ASSET_SYMBOL_EXTENSIONS = YES;
				CLANG_ANALYZER_NONNULL = YES;
				CLANG_ANALYZER_NUMBER_OBJECT_CONVERSION = YES_AGGRESSIVE;
				CLANG_CXX_LANGUAGE_STANDARD = "gnu++20";
				CLANG_ENABLE_MODULES = YES;
				CLANG_ENABLE_OBJC_ARC = YES;
				CLANG_ENABLE_OBJC_WEAK = YES;
				CLANG_WARN_BLOCK_CAPTURE_AUTORELEASING = YES;
				CLANG_WARN_BOOL_CONVERSION = YES;
				CLANG_WARN_COMMA = YES;
				CLANG_WARN_CONSTANT_CONVERSION = YES;
				CLANG_WARN_DEPRECATED_OBJC_IMPLEMENTATIONS = YES;
				CLANG_WARN_DIRECT_OBJC_ISA_USAGE = YES_ERROR;
				CLANG_WARN_DOCUMENTATION_COMMENTS = YES;
				CLANG_WARN_EMPTY_BODY = YES;
				CLANG_WARN_ENUM_CONVERSION = YES;
				CLANG_WARN_INFINITE_RECURSION = YES;
				CLANG_WARN_INT_CONVERSION = YES;
				CLANG_WARN_NON_LITERAL_NULL_CONVERSION = YES;
				CLANG_WARN_OBJC_IMPLICIT_RETAIN_SELF = YES;
				CLANG_WARN_OBJC_LITERAL_CONVERSION = YES;
				CLANG_WARN_OBJC_ROOT_CLASS = YES_ERROR;
				CLANG_WARN_QUOTED_INCLUDE_IN_FRAMEWORK_HEADER = YES;
				CLANG_WARN_RANGE_LOOP_ANALYSIS = YES;
				CLANG_WARN_STRICT_PROTOTYPES = YES;
				CLANG_WARN_SUSPICIOUS_MOVE = YES;
				CLANG_WARN_UNGUARDED_AVAILABILITY = YES_AGGRESSIVE;
				CLANG_WARN_UNREACHABLE_CODE = YES;
				CLANG_WARN__DUPLICATE_METHOD_MATCH = YES;
				COPY_PHASE_STRIP = NO;
				DEBUG_INFORMATION_FORMAT = dwarf;
				ENABLE_STRICT_OBJC_MSGSEND = YES;
				ENABLE_TESTABILITY = YES;
				ENABLE_USER_SCRIPT_SANDBOXING = NO;
				GCC_C_LANGUAGE_STANDARD = gnu17;
				GCC_DYNAMIC_NO_PIC = NO;
				GCC_NO_COMMON_BLOCKS = YES;
				GCC_OPTIMIZATION_LEVEL = 0;
				GCC_PREPROCESSOR_DEFINITIONS = (
					"DEBUG=1",
					"$(inherited)",
				);
				GCC_WARN_64_TO_32_BIT_CONVERSION = YES;
				GCC_WARN_ABOUT_RETURN_TYPE = YES_ERROR;
				GCC_WARN_UNDECLARED_SELECTOR = YES;
				GCC_WARN_UNINITIALIZED_AUTOS = YES_AGGRESSIVE;
				GCC_WARN_UNUSED_FUNCTION = YES;
				GCC_WARN_UNUSED_VARIABLE = YES;
				IPHONEOS_DEPLOYMENT_TARGET = 17.2;
				LOCALIZATION_PREFERS_STRING_CATALOGS = YES;
				MTL_ENABLE_DEBUG_INFO = INCLUDE_SOURCE;
				MTL_FAST_MATH = YES;
				ONLY_ACTIVE_ARCH = YES;
				SDKROOT = iphoneos;
				SWIFT_ACTIVE_COMPILATION_CONDITIONS = "DEBUG $(inherited)";
				SWIFT_OPTIMIZATION_LEVEL = "-Onone";
			};
			name = Debug;
		};
		73A30EC72B9773BE007F00E1 /* Release */ = {
			isa = XCBuildConfiguration;
			buildSettings = {
				ALWAYS_SEARCH_USER_PATHS = NO;
				ASSETCATALOG_COMPILER_GENERATE_SWIFT_ASSET_SYMBOL_EXTENSIONS = YES;
				CLANG_ANALYZER_NONNULL = YES;
				CLANG_ANALYZER_NUMBER_OBJECT_CONVERSION = YES_AGGRESSIVE;
				CLANG_CXX_LANGUAGE_STANDARD = "gnu++20";
				CLANG_ENABLE_MODULES = YES;
				CLANG_ENABLE_OBJC_ARC = YES;
				CLANG_ENABLE_OBJC_WEAK = YES;
				CLANG_WARN_BLOCK_CAPTURE_AUTORELEASING = YES;
				CLANG_WARN_BOOL_CONVERSION = YES;
				CLANG_WARN_COMMA = YES;
				CLANG_WARN_CONSTANT_CONVERSION = YES;
				CLANG_WARN_DEPRECATED_OBJC_IMPLEMENTATIONS = YES;
				CLANG_WARN_DIRECT_OBJC_ISA_USAGE = YES_ERROR;
				CLANG_WARN_DOCUMENTATION_COMMENTS = YES;
				CLANG_WARN_EMPTY_BODY = YES;
				CLANG_WARN_ENUM_CONVERSION = YES;
				CLANG_WARN_INFINITE_RECURSION = YES;
				CLANG_WARN_INT_CONVERSION = YES;
				CLANG_WARN_NON_LITERAL_NULL_CONVERSION = YES;
				CLANG_WARN_OBJC_IMPLICIT_RETAIN_SELF = YES;
				CLANG_WARN_OBJC_LITERAL_CONVERSION = YES;
				CLANG_WARN_OBJC_ROOT_CLASS = YES_ERROR;
				CLANG_WARN_QUOTED_INCLUDE_IN_FRAMEWORK_HEADER = YES;
				CLANG_WARN_RANGE_LOOP_ANALYSIS = YES;
				CLANG_WARN_STRICT_PROTOTYPES = YES;
				CLANG_WARN_SUSPICIOUS_MOVE = YES;
				CLANG_WARN_UNGUARDED_AVAILABILITY = YES_AGGRESSIVE;
				CLANG_WARN_UNREACHABLE_CODE = YES;
				CLANG_WARN__DUPLICATE_METHOD_MATCH = YES;
				COPY_PHASE_STRIP = NO;
				DEBUG_INFORMATION_FORMAT = "dwarf-with-dsym";
				ENABLE_NS_ASSERTIONS = NO;
				ENABLE_STRICT_OBJC_MSGSEND = YES;
				ENABLE_USER_SCRIPT_SANDBOXING = NO;
				GCC_C_LANGUAGE_STANDARD = gnu17;
				GCC_NO_COMMON_BLOCKS = YES;
				GCC_WARN_64_TO_32_BIT_CONVERSION = YES;
				GCC_WARN_ABOUT_RETURN_TYPE = YES_ERROR;
				GCC_WARN_UNDECLARED_SELECTOR = YES;
				GCC_WARN_UNINITIALIZED_AUTOS = YES_AGGRESSIVE;
				GCC_WARN_UNUSED_FUNCTION = YES;
				GCC_WARN_UNUSED_VARIABLE = YES;
				IPHONEOS_DEPLOYMENT_TARGET = 17.2;
				LOCALIZATION_PREFERS_STRING_CATALOGS = YES;
				MTL_ENABLE_DEBUG_INFO = NO;
				MTL_FAST_MATH = YES;
				SDKROOT = iphoneos;
				SWIFT_COMPILATION_MODE = wholemodule;
				VALIDATE_PRODUCT = YES;
			};
			name = Release;
		};
		73A30EC92B9773BE007F00E1 /* Debug */ = {
			isa = XCBuildConfiguration;
			baseConfigurationReference = C0F9E545F6D458AA59DAE755 /* Pods-Instagram.debug.xcconfig */;
			buildSettings = {
				ASSETCATALOG_COMPILER_APPICON_NAME = AppIcon;
				ASSETCATALOG_COMPILER_GLOBAL_ACCENT_COLOR_NAME = AccentColor;
				CODE_SIGN_STYLE = Automatic;
				CURRENT_PROJECT_VERSION = 1;
				DEVELOPMENT_TEAM = 6W8L9Q365N;
				GENERATE_INFOPLIST_FILE = YES;
				INFOPLIST_FILE = Instagram/Info.plist;
				INFOPLIST_KEY_UIApplicationSupportsIndirectInputEvents = YES;
				INFOPLIST_KEY_UILaunchStoryboardName = LaunchScreen;
				INFOPLIST_KEY_UIMainStoryboardFile = Main;
				INFOPLIST_KEY_UISupportedInterfaceOrientations = UIInterfaceOrientationPortrait;
				IPHONEOS_DEPLOYMENT_TARGET = 13.0;
				LD_RUNPATH_SEARCH_PATHS = (
					"$(inherited)",
					"@executable_path/Frameworks",
				);
				MARKETING_VERSION = 1.0;
				PRODUCT_BUNDLE_IDENTIFIER = com.raychang.Instagram;
				PRODUCT_NAME = "$(TARGET_NAME)";
				SWIFT_EMIT_LOC_STRINGS = YES;
				SWIFT_VERSION = 5.0;
				TARGETED_DEVICE_FAMILY = "1,2";
			};
			name = Debug;
		};
		73A30ECA2B9773BE007F00E1 /* Release */ = {
			isa = XCBuildConfiguration;
			baseConfigurationReference = CBE1AC04F7ED7B622D27C445 /* Pods-Instagram.release.xcconfig */;
			buildSettings = {
				ASSETCATALOG_COMPILER_APPICON_NAME = AppIcon;
				ASSETCATALOG_COMPILER_GLOBAL_ACCENT_COLOR_NAME = AccentColor;
				CODE_SIGN_STYLE = Automatic;
				CURRENT_PROJECT_VERSION = 1;
				DEVELOPMENT_TEAM = 6W8L9Q365N;
				GENERATE_INFOPLIST_FILE = YES;
				INFOPLIST_FILE = Instagram/Info.plist;
				INFOPLIST_KEY_UIApplicationSupportsIndirectInputEvents = YES;
				INFOPLIST_KEY_UILaunchStoryboardName = LaunchScreen;
				INFOPLIST_KEY_UIMainStoryboardFile = Main;
				INFOPLIST_KEY_UISupportedInterfaceOrientations = UIInterfaceOrientationPortrait;
				IPHONEOS_DEPLOYMENT_TARGET = 13.0;
				LD_RUNPATH_SEARCH_PATHS = (
					"$(inherited)",
					"@executable_path/Frameworks",
				);
				MARKETING_VERSION = 1.0;
				PRODUCT_BUNDLE_IDENTIFIER = com.raychang.Instagram;
				PRODUCT_NAME = "$(TARGET_NAME)";
				SWIFT_EMIT_LOC_STRINGS = YES;
				SWIFT_VERSION = 5.0;
				TARGETED_DEVICE_FAMILY = "1,2";
			};
			name = Release;
		};
/* End XCBuildConfiguration section */

/* Begin XCConfigurationList section */
		73A30EAF2B9773BC007F00E1 /* Build configuration list for PBXProject "Instagram" */ = {
			isa = XCConfigurationList;
			buildConfigurations = (
				73A30EC62B9773BE007F00E1 /* Debug */,
				73A30EC72B9773BE007F00E1 /* Release */,
			);
			defaultConfigurationIsVisible = 0;
			defaultConfigurationName = Release;
		};
		73A30EC82B9773BE007F00E1 /* Build configuration list for PBXNativeTarget "Instagram" */ = {
			isa = XCConfigurationList;
			buildConfigurations = (
				73A30EC92B9773BE007F00E1 /* Debug */,
				73A30ECA2B9773BE007F00E1 /* Release */,
			);
			defaultConfigurationIsVisible = 0;
			defaultConfigurationName = Release;
		};
/* End XCConfigurationList section */
	};
	rootObject = 73A30EAC2B9773BC007F00E1 /* Project object */;
}
